<Solution>
  <Folder Name="/Checkout/">
    <Project Path="Checkout/CheckoutLogic.Tests/CheckoutLogic.Tests.csproj" />
    <Project Path="Checkout/CheckoutLogic/CheckoutLogic.csproj" />
  </Folder>
  <Folder Name="/Repositories/">
    <Project Path="Repositories/Repository.Tests/Repository.Tests.csproj" />
    <Project Path="Repositories/Repository/Repository.csproj" />
  </Folder>
  <Project Path="Checkout-Kata/Checkout-Kata.csproj" />
</Solution>
